
Microsoft Visual Studio Solution File, Format Version 12.00
# Visual Studio Version 17
VisualStudioVersion = 17.4.33103.184
MinimumVisualStudioVersion = 10.0.40219.1
Project("{9A19103F-16F7-4668-BE54-9A1E7A4F7556}") = "CsharpAot", "CsharpAot\CsharpAot.csproj", "{46CDE64F-B6ED-4037-BD7B-F29A6B486A4D}"
EndProject
Project("{FAE04EC0-301F-11D3-BF4B-00C04F79EFBC}") = "CsharpExport", "CsharpExport\CsharpExport.csproj", "{48C4FCD0-4E1E-44B2-A9EF-DD7E6CE6531C}"
EndProject
Global
	GlobalSection(SolutionConfigurationPlatforms) = preSolution
		Debug|Any CPU = Debug|Any CPU
		Release|Any CPU = Release|Any CPU
	EndGlobalSection
	GlobalSection(ProjectConfigurationPlatforms) = postSolution
		{46CDE64F-B6ED-4037-BD7B-F29A6B486A4D}.Debug|Any CPU.ActiveCfg = Debug|Any CPU
		{46CDE64F-B6ED-4037-BD7B-F29A6B486A4D}.Debug|Any CPU.Build.0 = Debug|Any CPU
		{46CDE64F-B6ED-4037-BD7B-F29A6B486A4D}.Release|Any CPU.ActiveCfg = Release|Any CPU
		{46CDE64F-B6ED-4037-BD7B-F29A6B486A4D}.Release|Any CPU.Build.0 = Release|Any CPU
		{48C4FCD0-4E1E-44B2-A9EF-DD7E6CE6531C}.Debug|Any CPU.ActiveCfg = Debug|Any CPU
		{48C4FCD0-4E1E-44B2-A9EF-DD7E6CE6531C}.Debug|Any CPU.Build.0 = Debug|Any CPU
		{48C4FCD0-4E1E-44B2-A9EF-DD7E6CE6531C}.Release|Any CPU.ActiveCfg = Release|Any CPU
		{48C4FCD0-4E1E-44B2-A9EF-DD7E6CE6531C}.Release|Any CPU.Build.0 = Release|Any CPU
	EndGlobalSection
	GlobalSection(SolutionProperties) = preSolution
		HideSolutionNode = FALSE
	EndGlobalSection
	GlobalSection(ExtensibilityGlobals) = postSolution
		SolutionGuid = {3D8B4A6B-FF00-4775-80B2-EC12C9663FCB}
	EndGlobalSection
EndGlobal
